
Microsoft Visual Studio Solution File, Format Version 12.00
# Visual Studio Version 17
VisualStudioVersion = 17.13.35825.156
MinimumVisualStudioVersion = 10.0.40219.1
Project("{FAE04EC0-301F-11D3-BF4B-00C04F79EFBC}") = "My_Store", "My_Store\My_Store.csproj", "{14C290F7-5DFD-4A09-A4E9-E8D0BFDA1929}"
EndProject
Project("{FAE04EC0-301F-11D3-BF4B-00C04F79EFBC}") = "Repositories", "Repositories\Repositories.csproj", "{88DA1248-68F2-4A6B-9C95-4DD15664732E}"
EndProject
Project("{FAE04EC0-301F-11D3-BF4B-00C04F79EFBC}") = "Services", "Services\Services.csproj", "{9427D53C-6B0D-46EE-9114-0D8C40ECCB08}"
EndProject
Project("{FAE04EC0-301F-11D3-BF4B-00C04F79EFBC}") = "Entities", "Entities\Entities.csproj", "{9FAF309A-2A57-445B-A406-7C82A75F14CB}"
EndProject
Global
	GlobalSection(SolutionConfigurationPlatforms) = preSolution
		Debug|Any CPU = Debug|Any CPU
		Release|Any CPU = Release|Any CPU
	EndGlobalSection
	GlobalSection(ProjectConfigurationPlatforms) = postSolution
		{14C290F7-5DFD-4A09-A4E9-E8D0BFDA1929}.Debug|Any CPU.ActiveCfg = Debug|Any CPU
		{14C290F7-5DFD-4A09-A4E9-E8D0BFDA1929}.Debug|Any CPU.Build.0 = Debug|Any CPU
		{14C290F7-5DFD-4A09-A4E9-E8D0BFDA1929}.Release|Any CPU.ActiveCfg = Release|Any CPU
		{14C290F7-5DFD-4A09-A4E9-E8D0BFDA1929}.Release|Any CPU.Build.0 = Release|Any CPU
		{88DA1248-68F2-4A6B-9C95-4DD15664732E}.Debug|Any CPU.ActiveCfg = Debug|Any CPU
		{88DA1248-68F2-4A6B-9C95-4DD15664732E}.Debug|Any CPU.Build.0 = Debug|Any CPU
		{88DA1248-68F2-4A6B-9C95-4DD15664732E}.Release|Any CPU.ActiveCfg = Release|Any CPU
		{88DA1248-68F2-4A6B-9C95-4DD15664732E}.Release|Any CPU.Build.0 = Release|Any CPU
		{9427D53C-6B0D-46EE-9114-0D8C40ECCB08}.Debug|Any CPU.ActiveCfg = Debug|Any CPU
		{9427D53C-6B0D-46EE-9114-0D8C40ECCB08}.Debug|Any CPU.Build.0 = Debug|Any CPU
		{9427D53C-6B0D-46EE-9114-0D8C40ECCB08}.Release|Any CPU.ActiveCfg = Release|Any CPU
		{9427D53C-6B0D-46EE-9114-0D8C40ECCB08}.Release|Any CPU.Build.0 = Release|Any CPU
		{9FAF309A-2A57-445B-A406-7C82A75F14CB}.Debug|Any CPU.ActiveCfg = Debug|Any CPU
		{9FAF309A-2A57-445B-A406-7C82A75F14CB}.Debug|Any CPU.Build.0 = Debug|Any CPU
		{9FAF309A-2A57-445B-A406-7C82A75F14CB}.Release|Any CPU.ActiveCfg = Release|Any CPU
		{9FAF309A-2A57-445B-A406-7C82A75F14CB}.Release|Any CPU.Build.0 = Release|Any CPU
	EndGlobalSection
	GlobalSection(SolutionProperties) = preSolution
		HideSolutionNode = FALSE
	EndGlobalSection
	GlobalSection(ExtensibilityGlobals) = postSolution
		SolutionGuid = {48EE554B-2828-427B-B6C3-9E7ED042BF86}
	EndGlobalSection
EndGlobal
